
Microsoft Visual Studio Solution File, Format Version 12.00
# Visual Studio Version 17
VisualStudioVersion = 17.4.33015.44
MinimumVisualStudioVersion = 10.0.40219.1
Project("{FAE04EC0-301F-11D3-BF4B-00C04F79EFBC}") = "WiFiBroadcastNet", "WiFiBroadcastNet\WiFiBroadcastNet.csproj", "{FC33404A-CA19-4D9C-9793-0C0FDDC7EF06}"
EndProject
Project("{FAE04EC0-301F-11D3-BF4B-00C04F79EFBC}") = "SimpleDemo", "SimpleDemo\SimpleDemo.csproj", "{9CCB4C91-A3CF-4621-AECF-58AB130AE322}"
EndProject
Global
	GlobalSection(SolutionConfigurationPlatforms) = preSolution
		Debug|Any CPU = Debug|Any CPU
		Release|Any CPU = Release|Any CPU
	EndGlobalSection
	GlobalSection(ProjectConfigurationPlatforms) = postSolution
		{FC33404A-CA19-4D9C-9793-0C0FDDC7EF06}.Debug|Any CPU.ActiveCfg = Debug|Any CPU
		{FC33404A-CA19-4D9C-9793-0C0FDDC7EF06}.Debug|Any CPU.Build.0 = Debug|Any CPU
		{FC33404A-CA19-4D9C-9793-0C0FDDC7EF06}.Release|Any CPU.ActiveCfg = Release|Any CPU
		{FC33404A-CA19-4D9C-9793-0C0FDDC7EF06}.Release|Any CPU.Build.0 = Release|Any CPU
		{9CCB4C91-A3CF-4621-AECF-58AB130AE322}.Debug|Any CPU.ActiveCfg = Debug|Any CPU
		{9CCB4C91-A3CF-4621-AECF-58AB130AE322}.Debug|Any CPU.Build.0 = Debug|Any CPU
		{9CCB4C91-A3CF-4621-AECF-58AB130AE322}.Release|Any CPU.ActiveCfg = Release|Any CPU
		{9CCB4C91-A3CF-4621-AECF-58AB130AE322}.Release|Any CPU.Build.0 = Release|Any CPU
	EndGlobalSection
	GlobalSection(SolutionProperties) = preSolution
		HideSolutionNode = FALSE
	EndGlobalSection
	GlobalSection(ExtensibilityGlobals) = postSolution
		SolutionGuid = {7B4FF55B-FA86-4DAC-8681-BEDAD8FFA76F}
	EndGlobalSection
EndGlobal
