
Microsoft Visual Studio Solution File, Format Version 12.00
# Visual Studio Version 17
VisualStudioVersion = 17.4.33015.44
MinimumVisualStudioVersion = 10.0.40219.1
Project("{9A19103F-16F7-4668-BE54-9A1E7A4F7556}") = "WiFiBroadcastNet", "WiFiBroadcastNet\WiFiBroadcastNet.csproj", "{FC33404A-CA19-4D9C-9793-0C0FDDC7EF06}"
EndProject
Project("{9A19103F-16F7-4668-BE54-9A1E7A4F7556}") = "PerformanceTester", "PerformanceTester\PerformanceTester.csproj", "{BF7AC9DC-3B82-4F14-8A25-D505835CF6F1}"
EndProject
Project("{9A19103F-16F7-4668-BE54-9A1E7A4F7556}") = "SendSinglePacketDemo", "SendSinglePacketDemo\SendSinglePacketDemo.csproj", "{762A5035-80C6-4982-ABFE-846BAEB65DEE}"
EndProject
Project("{9A19103F-16F7-4668-BE54-9A1E7A4F7556}") = "WiFiBroadcastNet.GroundHost", "WiFiBroadcastNet.GroundHost\WiFiBroadcastNet.GroundHost.csproj", "{020AEC6D-D0A8-4105-AF14-296296DCE19F}"
EndProject
Project("{2150E333-8FDC-42A3-9474-1A3956D46DE8}") = "Solution Items", "Solution Items", "{CCEB2FD7-B79D-4FBF-91AF-579BC6A07B40}"
	ProjectSection(SolutionItems) = preProject
		.editorconfig = .editorconfig
		Directory.Build.props = Directory.Build.props
	EndProjectSection
EndProject
Project("{9A19103F-16F7-4668-BE54-9A1E7A4F7556}") = "OsdDemo", "OsdDemo\OsdDemo.csproj", "{1CA7C1EB-564A-4F04-9898-0E7AEA70C471}"
EndProject
Project("{9A19103F-16F7-4668-BE54-9A1E7A4F7556}") = "OpenHd.Fec", "OpenHd.Fec\OpenHd.Fec.csproj", "{134A7714-2B92-425E-A059-2AE7D874C906}"
EndProject
Project("{9A19103F-16F7-4668-BE54-9A1E7A4F7556}") = "OpenHd.Fec.Tests", "OpenHd.Fec.Tests\OpenHd.Fec.Tests.csproj", "{B9A4627D-E13B-4715-BB48-CE55B01C5D27}"
EndProject
Project("{9A19103F-16F7-4668-BE54-9A1E7A4F7556}") = "ReceiverApp", "ReceiverApp\ReceiverApp.csproj", "{D561F9D8-5A8B-4AF9-8E5E-A9DCCBC3CB15}"
EndProject
Project("{2150E333-8FDC-42A3-9474-1A3956D46DE8}") = "Clients", "Clients", "{AC8BDA1D-C4AF-4CFF-889C-E5B4402134EB}"
EndProject
Project("{2150E333-8FDC-42A3-9474-1A3956D46DE8}") = "TestApplications", "TestApplications", "{4AC8E5A6-0EC9-4B63-AA07-68235AFD65C9}"
EndProject
Project("{2150E333-8FDC-42A3-9474-1A3956D46DE8}") = "OpenHd", "OpenHd", "{710B4D1A-8602-48F0-A0A1-C38D577B13EE}"
EndProject
Project("{9A19103F-16F7-4668-BE54-9A1E7A4F7556}") = "OpenHd.Fec.Benchmarks", "OpenHd.Fec.Benchmarks\OpenHd.Fec.Benchmarks.csproj", "{34DFD5E5-6B97-40AD-96D6-EAF183806091}"
EndProject
Project("{9A19103F-16F7-4668-BE54-9A1E7A4F7556}") = "Osd.Wpf", "Osd.Wpf\Osd.Wpf.csproj", "{623FEBCB-8089-4650-8F5C-9EE727B3DEE5}"
EndProject
Project("{9A19103F-16F7-4668-BE54-9A1E7A4F7556}") = "SpaceWizards.Sodium.Interop", "SpaceWizards.Sodium.Interop\SpaceWizards.Sodium.Interop.csproj", "{B16535AD-33A3-4757-91CE-C5733CC02EEF}"
EndProject
Project("{9A19103F-16F7-4668-BE54-9A1E7A4F7556}") = "WtfDemo", "WtfDemo\WtfDemo.csproj", "{588471BF-7825-4829-90D2-D9E6458BEA2F}"
EndProject
Project("{FAE04EC0-301F-11D3-BF4B-00C04F79EFBC}") = "CommonControls.Wpf", "CommonControls.Wpf\CommonControls.Wpf.csproj", "{7AC523D8-6AF6-40E3-A132-FA2E558BB218}"
EndProject
Project("{FAE04EC0-301F-11D3-BF4B-00C04F79EFBC}") = "CommonViewModels", "CommonViewModels\CommonViewModels.csproj", "{605F8B63-3707-49AD-AB9B-C2268A995798}"
EndProject
Project("{FAE04EC0-301F-11D3-BF4B-00C04F79EFBC}") = "CommonAbstractions", "CommonAbstractions\CommonAbstractions.csproj", "{224657EA-434A-4851-B734-F98271754182}"
EndProject
Global
	GlobalSection(SolutionConfigurationPlatforms) = preSolution
		Debug|Any CPU = Debug|Any CPU
		Debug|ARM64 = Debug|ARM64
		Debug|x64 = Debug|x64
		Debug|x86 = Debug|x86
		Release|Any CPU = Release|Any CPU
		Release|ARM64 = Release|ARM64
		Release|x64 = Release|x64
		Release|x86 = Release|x86
	EndGlobalSection
	GlobalSection(ProjectConfigurationPlatforms) = postSolution
		{FC33404A-CA19-4D9C-9793-0C0FDDC7EF06}.Debug|Any CPU.ActiveCfg = Debug|Any CPU
		{FC33404A-CA19-4D9C-9793-0C0FDDC7EF06}.Debug|Any CPU.Build.0 = Debug|Any CPU
		{FC33404A-CA19-4D9C-9793-0C0FDDC7EF06}.Debug|ARM64.ActiveCfg = Debug|Any CPU
		{FC33404A-CA19-4D9C-9793-0C0FDDC7EF06}.Debug|ARM64.Build.0 = Debug|Any CPU
		{FC33404A-CA19-4D9C-9793-0C0FDDC7EF06}.Debug|x64.ActiveCfg = Debug|Any CPU
		{FC33404A-CA19-4D9C-9793-0C0FDDC7EF06}.Debug|x64.Build.0 = Debug|Any CPU
		{FC33404A-CA19-4D9C-9793-0C0FDDC7EF06}.Debug|x86.ActiveCfg = Debug|Any CPU
		{FC33404A-CA19-4D9C-9793-0C0FDDC7EF06}.Debug|x86.Build.0 = Debug|Any CPU
		{FC33404A-CA19-4D9C-9793-0C0FDDC7EF06}.Release|Any CPU.ActiveCfg = Release|Any CPU
		{FC33404A-CA19-4D9C-9793-0C0FDDC7EF06}.Release|Any CPU.Build.0 = Release|Any CPU
		{FC33404A-CA19-4D9C-9793-0C0FDDC7EF06}.Release|ARM64.ActiveCfg = Release|Any CPU
		{FC33404A-CA19-4D9C-9793-0C0FDDC7EF06}.Release|ARM64.Build.0 = Release|Any CPU
		{FC33404A-CA19-4D9C-9793-0C0FDDC7EF06}.Release|x64.ActiveCfg = Release|Any CPU
		{FC33404A-CA19-4D9C-9793-0C0FDDC7EF06}.Release|x64.Build.0 = Release|Any CPU
		{FC33404A-CA19-4D9C-9793-0C0FDDC7EF06}.Release|x86.ActiveCfg = Release|Any CPU
		{FC33404A-CA19-4D9C-9793-0C0FDDC7EF06}.Release|x86.Build.0 = Release|Any CPU
		{BF7AC9DC-3B82-4F14-8A25-D505835CF6F1}.Debug|Any CPU.ActiveCfg = Debug|Any CPU
		{BF7AC9DC-3B82-4F14-8A25-D505835CF6F1}.Debug|Any CPU.Build.0 = Debug|Any CPU
		{BF7AC9DC-3B82-4F14-8A25-D505835CF6F1}.Debug|ARM64.ActiveCfg = Debug|Any CPU
		{BF7AC9DC-3B82-4F14-8A25-D505835CF6F1}.Debug|ARM64.Build.0 = Debug|Any CPU
		{BF7AC9DC-3B82-4F14-8A25-D505835CF6F1}.Debug|x64.ActiveCfg = Debug|Any CPU
		{BF7AC9DC-3B82-4F14-8A25-D505835CF6F1}.Debug|x64.Build.0 = Debug|Any CPU
		{BF7AC9DC-3B82-4F14-8A25-D505835CF6F1}.Debug|x86.ActiveCfg = Debug|Any CPU
		{BF7AC9DC-3B82-4F14-8A25-D505835CF6F1}.Debug|x86.Build.0 = Debug|Any CPU
		{BF7AC9DC-3B82-4F14-8A25-D505835CF6F1}.Release|Any CPU.ActiveCfg = Release|Any CPU
		{BF7AC9DC-3B82-4F14-8A25-D505835CF6F1}.Release|Any CPU.Build.0 = Release|Any CPU
		{BF7AC9DC-3B82-4F14-8A25-D505835CF6F1}.Release|ARM64.ActiveCfg = Release|Any CPU
		{BF7AC9DC-3B82-4F14-8A25-D505835CF6F1}.Release|ARM64.Build.0 = Release|Any CPU
		{BF7AC9DC-3B82-4F14-8A25-D505835CF6F1}.Release|x64.ActiveCfg = Release|Any CPU
		{BF7AC9DC-3B82-4F14-8A25-D505835CF6F1}.Release|x64.Build.0 = Release|Any CPU
		{BF7AC9DC-3B82-4F14-8A25-D505835CF6F1}.Release|x86.ActiveCfg = Release|Any CPU
		{BF7AC9DC-3B82-4F14-8A25-D505835CF6F1}.Release|x86.Build.0 = Release|Any CPU
		{762A5035-80C6-4982-ABFE-846BAEB65DEE}.Debug|Any CPU.ActiveCfg = Debug|Any CPU
		{762A5035-80C6-4982-ABFE-846BAEB65DEE}.Debug|Any CPU.Build.0 = Debug|Any CPU
		{762A5035-80C6-4982-ABFE-846BAEB65DEE}.Debug|ARM64.ActiveCfg = Debug|Any CPU
		{762A5035-80C6-4982-ABFE-846BAEB65DEE}.Debug|ARM64.Build.0 = Debug|Any CPU
		{762A5035-80C6-4982-ABFE-846BAEB65DEE}.Debug|x64.ActiveCfg = Debug|Any CPU
		{762A5035-80C6-4982-ABFE-846BAEB65DEE}.Debug|x64.Build.0 = Debug|Any CPU
		{762A5035-80C6-4982-ABFE-846BAEB65DEE}.Debug|x86.ActiveCfg = Debug|Any CPU
		{762A5035-80C6-4982-ABFE-846BAEB65DEE}.Debug|x86.Build.0 = Debug|Any CPU
		{762A5035-80C6-4982-ABFE-846BAEB65DEE}.Release|Any CPU.ActiveCfg = Release|Any CPU
		{762A5035-80C6-4982-ABFE-846BAEB65DEE}.Release|Any CPU.Build.0 = Release|Any CPU
		{762A5035-80C6-4982-ABFE-846BAEB65DEE}.Release|ARM64.ActiveCfg = Release|Any CPU
		{762A5035-80C6-4982-ABFE-846BAEB65DEE}.Release|ARM64.Build.0 = Release|Any CPU
		{762A5035-80C6-4982-ABFE-846BAEB65DEE}.Release|x64.ActiveCfg = Release|Any CPU
		{762A5035-80C6-4982-ABFE-846BAEB65DEE}.Release|x64.Build.0 = Release|Any CPU
		{762A5035-80C6-4982-ABFE-846BAEB65DEE}.Release|x86.ActiveCfg = Release|Any CPU
		{762A5035-80C6-4982-ABFE-846BAEB65DEE}.Release|x86.Build.0 = Release|Any CPU
		{020AEC6D-D0A8-4105-AF14-296296DCE19F}.Debug|Any CPU.ActiveCfg = Debug|Any CPU
		{020AEC6D-D0A8-4105-AF14-296296DCE19F}.Debug|Any CPU.Build.0 = Debug|Any CPU
		{020AEC6D-D0A8-4105-AF14-296296DCE19F}.Debug|ARM64.ActiveCfg = Debug|Any CPU
		{020AEC6D-D0A8-4105-AF14-296296DCE19F}.Debug|ARM64.Build.0 = Debug|Any CPU
		{020AEC6D-D0A8-4105-AF14-296296DCE19F}.Debug|x64.ActiveCfg = Debug|Any CPU
		{020AEC6D-D0A8-4105-AF14-296296DCE19F}.Debug|x64.Build.0 = Debug|Any CPU
		{020AEC6D-D0A8-4105-AF14-296296DCE19F}.Debug|x86.ActiveCfg = Debug|Any CPU
		{020AEC6D-D0A8-4105-AF14-296296DCE19F}.Debug|x86.Build.0 = Debug|Any CPU
		{020AEC6D-D0A8-4105-AF14-296296DCE19F}.Release|Any CPU.ActiveCfg = Release|Any CPU
		{020AEC6D-D0A8-4105-AF14-296296DCE19F}.Release|Any CPU.Build.0 = Release|Any CPU
		{020AEC6D-D0A8-4105-AF14-296296DCE19F}.Release|ARM64.ActiveCfg = Release|Any CPU
		{020AEC6D-D0A8-4105-AF14-296296DCE19F}.Release|ARM64.Build.0 = Release|Any CPU
		{020AEC6D-D0A8-4105-AF14-296296DCE19F}.Release|x64.ActiveCfg = Release|Any CPU
		{020AEC6D-D0A8-4105-AF14-296296DCE19F}.Release|x64.Build.0 = Release|Any CPU
		{020AEC6D-D0A8-4105-AF14-296296DCE19F}.Release|x86.ActiveCfg = Release|Any CPU
		{020AEC6D-D0A8-4105-AF14-296296DCE19F}.Release|x86.Build.0 = Release|Any CPU
		{1CA7C1EB-564A-4F04-9898-0E7AEA70C471}.Debug|Any CPU.ActiveCfg = Debug|Any CPU
		{1CA7C1EB-564A-4F04-9898-0E7AEA70C471}.Debug|Any CPU.Build.0 = Debug|Any CPU
		{1CA7C1EB-564A-4F04-9898-0E7AEA70C471}.Debug|ARM64.ActiveCfg = Debug|Any CPU
		{1CA7C1EB-564A-4F04-9898-0E7AEA70C471}.Debug|ARM64.Build.0 = Debug|Any CPU
		{1CA7C1EB-564A-4F04-9898-0E7AEA70C471}.Debug|x64.ActiveCfg = Debug|Any CPU
		{1CA7C1EB-564A-4F04-9898-0E7AEA70C471}.Debug|x64.Build.0 = Debug|Any CPU
		{1CA7C1EB-564A-4F04-9898-0E7AEA70C471}.Debug|x86.ActiveCfg = Debug|Any CPU
		{1CA7C1EB-564A-4F04-9898-0E7AEA70C471}.Debug|x86.Build.0 = Debug|Any CPU
		{1CA7C1EB-564A-4F04-9898-0E7AEA70C471}.Release|Any CPU.ActiveCfg = Release|Any CPU
		{1CA7C1EB-564A-4F04-9898-0E7AEA70C471}.Release|Any CPU.Build.0 = Release|Any CPU
		{1CA7C1EB-564A-4F04-9898-0E7AEA70C471}.Release|ARM64.ActiveCfg = Release|Any CPU
		{1CA7C1EB-564A-4F04-9898-0E7AEA70C471}.Release|ARM64.Build.0 = Release|Any CPU
		{1CA7C1EB-564A-4F04-9898-0E7AEA70C471}.Release|x64.ActiveCfg = Release|Any CPU
		{1CA7C1EB-564A-4F04-9898-0E7AEA70C471}.Release|x64.Build.0 = Release|Any CPU
		{1CA7C1EB-564A-4F04-9898-0E7AEA70C471}.Release|x86.ActiveCfg = Release|Any CPU
		{1CA7C1EB-564A-4F04-9898-0E7AEA70C471}.Release|x86.Build.0 = Release|Any CPU
		{134A7714-2B92-425E-A059-2AE7D874C906}.Debug|Any CPU.ActiveCfg = Debug|Any CPU
		{134A7714-2B92-425E-A059-2AE7D874C906}.Debug|Any CPU.Build.0 = Debug|Any CPU
		{134A7714-2B92-425E-A059-2AE7D874C906}.Debug|ARM64.ActiveCfg = Debug|Any CPU
		{134A7714-2B92-425E-A059-2AE7D874C906}.Debug|ARM64.Build.0 = Debug|Any CPU
		{134A7714-2B92-425E-A059-2AE7D874C906}.Debug|x64.ActiveCfg = Debug|Any CPU
		{134A7714-2B92-425E-A059-2AE7D874C906}.Debug|x64.Build.0 = Debug|Any CPU
		{134A7714-2B92-425E-A059-2AE7D874C906}.Debug|x86.ActiveCfg = Debug|Any CPU
		{134A7714-2B92-425E-A059-2AE7D874C906}.Debug|x86.Build.0 = Debug|Any CPU
		{134A7714-2B92-425E-A059-2AE7D874C906}.Release|Any CPU.ActiveCfg = Release|Any CPU
		{134A7714-2B92-425E-A059-2AE7D874C906}.Release|Any CPU.Build.0 = Release|Any CPU
		{134A7714-2B92-425E-A059-2AE7D874C906}.Release|ARM64.ActiveCfg = Release|Any CPU
		{134A7714-2B92-425E-A059-2AE7D874C906}.Release|ARM64.Build.0 = Release|Any CPU
		{134A7714-2B92-425E-A059-2AE7D874C906}.Release|x64.ActiveCfg = Release|Any CPU
		{134A7714-2B92-425E-A059-2AE7D874C906}.Release|x64.Build.0 = Release|Any CPU
		{134A7714-2B92-425E-A059-2AE7D874C906}.Release|x86.ActiveCfg = Release|Any CPU
		{134A7714-2B92-425E-A059-2AE7D874C906}.Release|x86.Build.0 = Release|Any CPU
		{B9A4627D-E13B-4715-BB48-CE55B01C5D27}.Debug|Any CPU.ActiveCfg = Debug|Any CPU
		{B9A4627D-E13B-4715-BB48-CE55B01C5D27}.Debug|Any CPU.Build.0 = Debug|Any CPU
		{B9A4627D-E13B-4715-BB48-CE55B01C5D27}.Debug|ARM64.ActiveCfg = Debug|Any CPU
		{B9A4627D-E13B-4715-BB48-CE55B01C5D27}.Debug|ARM64.Build.0 = Debug|Any CPU
		{B9A4627D-E13B-4715-BB48-CE55B01C5D27}.Debug|x64.ActiveCfg = Debug|Any CPU
		{B9A4627D-E13B-4715-BB48-CE55B01C5D27}.Debug|x64.Build.0 = Debug|Any CPU
		{B9A4627D-E13B-4715-BB48-CE55B01C5D27}.Debug|x86.ActiveCfg = Debug|Any CPU
		{B9A4627D-E13B-4715-BB48-CE55B01C5D27}.Debug|x86.Build.0 = Debug|Any CPU
		{B9A4627D-E13B-4715-BB48-CE55B01C5D27}.Release|Any CPU.ActiveCfg = Release|Any CPU
		{B9A4627D-E13B-4715-BB48-CE55B01C5D27}.Release|Any CPU.Build.0 = Release|Any CPU
		{B9A4627D-E13B-4715-BB48-CE55B01C5D27}.Release|ARM64.ActiveCfg = Release|Any CPU
		{B9A4627D-E13B-4715-BB48-CE55B01C5D27}.Release|ARM64.Build.0 = Release|Any CPU
		{B9A4627D-E13B-4715-BB48-CE55B01C5D27}.Release|x64.ActiveCfg = Release|Any CPU
		{B9A4627D-E13B-4715-BB48-CE55B01C5D27}.Release|x64.Build.0 = Release|Any CPU
		{B9A4627D-E13B-4715-BB48-CE55B01C5D27}.Release|x86.ActiveCfg = Release|Any CPU
		{B9A4627D-E13B-4715-BB48-CE55B01C5D27}.Release|x86.Build.0 = Release|Any CPU
		{D561F9D8-5A8B-4AF9-8E5E-A9DCCBC3CB15}.Debug|Any CPU.ActiveCfg = Debug|Any CPU
		{D561F9D8-5A8B-4AF9-8E5E-A9DCCBC3CB15}.Debug|Any CPU.Build.0 = Debug|Any CPU
		{D561F9D8-5A8B-4AF9-8E5E-A9DCCBC3CB15}.Debug|Any CPU.Deploy.0 = Debug|Any CPU
		{D561F9D8-5A8B-4AF9-8E5E-A9DCCBC3CB15}.Debug|ARM64.ActiveCfg = Debug|Any CPU
		{D561F9D8-5A8B-4AF9-8E5E-A9DCCBC3CB15}.Debug|ARM64.Build.0 = Debug|Any CPU
		{D561F9D8-5A8B-4AF9-8E5E-A9DCCBC3CB15}.Debug|ARM64.Deploy.0 = Debug|Any CPU
		{D561F9D8-5A8B-4AF9-8E5E-A9DCCBC3CB15}.Debug|x64.ActiveCfg = Debug|Any CPU
		{D561F9D8-5A8B-4AF9-8E5E-A9DCCBC3CB15}.Debug|x64.Build.0 = Debug|Any CPU
		{D561F9D8-5A8B-4AF9-8E5E-A9DCCBC3CB15}.Debug|x64.Deploy.0 = Debug|Any CPU
		{D561F9D8-5A8B-4AF9-8E5E-A9DCCBC3CB15}.Debug|x86.ActiveCfg = Debug|Any CPU
		{D561F9D8-5A8B-4AF9-8E5E-A9DCCBC3CB15}.Debug|x86.Build.0 = Debug|Any CPU
		{D561F9D8-5A8B-4AF9-8E5E-A9DCCBC3CB15}.Debug|x86.Deploy.0 = Debug|Any CPU
		{D561F9D8-5A8B-4AF9-8E5E-A9DCCBC3CB15}.Release|Any CPU.ActiveCfg = Release|Any CPU
		{D561F9D8-5A8B-4AF9-8E5E-A9DCCBC3CB15}.Release|Any CPU.Build.0 = Release|Any CPU
		{D561F9D8-5A8B-4AF9-8E5E-A9DCCBC3CB15}.Release|Any CPU.Deploy.0 = Release|Any CPU
		{D561F9D8-5A8B-4AF9-8E5E-A9DCCBC3CB15}.Release|ARM64.ActiveCfg = Release|Any CPU
		{D561F9D8-5A8B-4AF9-8E5E-A9DCCBC3CB15}.Release|ARM64.Build.0 = Release|Any CPU
		{D561F9D8-5A8B-4AF9-8E5E-A9DCCBC3CB15}.Release|ARM64.Deploy.0 = Release|Any CPU
		{D561F9D8-5A8B-4AF9-8E5E-A9DCCBC3CB15}.Release|x64.ActiveCfg = Release|Any CPU
		{D561F9D8-5A8B-4AF9-8E5E-A9DCCBC3CB15}.Release|x64.Build.0 = Release|Any CPU
		{D561F9D8-5A8B-4AF9-8E5E-A9DCCBC3CB15}.Release|x64.Deploy.0 = Release|Any CPU
		{D561F9D8-5A8B-4AF9-8E5E-A9DCCBC3CB15}.Release|x86.ActiveCfg = Release|Any CPU
		{D561F9D8-5A8B-4AF9-8E5E-A9DCCBC3CB15}.Release|x86.Build.0 = Release|Any CPU
		{D561F9D8-5A8B-4AF9-8E5E-A9DCCBC3CB15}.Release|x86.Deploy.0 = Release|Any CPU
		{34DFD5E5-6B97-40AD-96D6-EAF183806091}.Debug|Any CPU.ActiveCfg = Debug|Any CPU
		{34DFD5E5-6B97-40AD-96D6-EAF183806091}.Debug|Any CPU.Build.0 = Debug|Any CPU
		{34DFD5E5-6B97-40AD-96D6-EAF183806091}.Debug|ARM64.ActiveCfg = Debug|Any CPU
		{34DFD5E5-6B97-40AD-96D6-EAF183806091}.Debug|ARM64.Build.0 = Debug|Any CPU
		{34DFD5E5-6B97-40AD-96D6-EAF183806091}.Debug|x64.ActiveCfg = Debug|Any CPU
		{34DFD5E5-6B97-40AD-96D6-EAF183806091}.Debug|x64.Build.0 = Debug|Any CPU
		{34DFD5E5-6B97-40AD-96D6-EAF183806091}.Debug|x86.ActiveCfg = Debug|Any CPU
		{34DFD5E5-6B97-40AD-96D6-EAF183806091}.Debug|x86.Build.0 = Debug|Any CPU
		{34DFD5E5-6B97-40AD-96D6-EAF183806091}.Release|Any CPU.ActiveCfg = Release|Any CPU
		{34DFD5E5-6B97-40AD-96D6-EAF183806091}.Release|Any CPU.Build.0 = Release|Any CPU
		{34DFD5E5-6B97-40AD-96D6-EAF183806091}.Release|ARM64.ActiveCfg = Release|Any CPU
		{34DFD5E5-6B97-40AD-96D6-EAF183806091}.Release|ARM64.Build.0 = Release|Any CPU
		{34DFD5E5-6B97-40AD-96D6-EAF183806091}.Release|x64.ActiveCfg = Release|Any CPU
		{34DFD5E5-6B97-40AD-96D6-EAF183806091}.Release|x64.Build.0 = Release|Any CPU
		{34DFD5E5-6B97-40AD-96D6-EAF183806091}.Release|x86.ActiveCfg = Release|Any CPU
		{34DFD5E5-6B97-40AD-96D6-EAF183806091}.Release|x86.Build.0 = Release|Any CPU
		{623FEBCB-8089-4650-8F5C-9EE727B3DEE5}.Debug|Any CPU.ActiveCfg = Debug|Any CPU
		{623FEBCB-8089-4650-8F5C-9EE727B3DEE5}.Debug|Any CPU.Build.0 = Debug|Any CPU
		{623FEBCB-8089-4650-8F5C-9EE727B3DEE5}.Debug|ARM64.ActiveCfg = Debug|Any CPU
		{623FEBCB-8089-4650-8F5C-9EE727B3DEE5}.Debug|ARM64.Build.0 = Debug|Any CPU
		{623FEBCB-8089-4650-8F5C-9EE727B3DEE5}.Debug|x64.ActiveCfg = Debug|Any CPU
		{623FEBCB-8089-4650-8F5C-9EE727B3DEE5}.Debug|x64.Build.0 = Debug|Any CPU
		{623FEBCB-8089-4650-8F5C-9EE727B3DEE5}.Debug|x86.ActiveCfg = Debug|Any CPU
		{623FEBCB-8089-4650-8F5C-9EE727B3DEE5}.Debug|x86.Build.0 = Debug|Any CPU
		{623FEBCB-8089-4650-8F5C-9EE727B3DEE5}.Release|Any CPU.ActiveCfg = Release|Any CPU
		{623FEBCB-8089-4650-8F5C-9EE727B3DEE5}.Release|Any CPU.Build.0 = Release|Any CPU
		{623FEBCB-8089-4650-8F5C-9EE727B3DEE5}.Release|ARM64.ActiveCfg = Release|Any CPU
		{623FEBCB-8089-4650-8F5C-9EE727B3DEE5}.Release|ARM64.Build.0 = Release|Any CPU
		{623FEBCB-8089-4650-8F5C-9EE727B3DEE5}.Release|x64.ActiveCfg = Release|Any CPU
		{623FEBCB-8089-4650-8F5C-9EE727B3DEE5}.Release|x64.Build.0 = Release|Any CPU
		{623FEBCB-8089-4650-8F5C-9EE727B3DEE5}.Release|x86.ActiveCfg = Release|Any CPU
		{623FEBCB-8089-4650-8F5C-9EE727B3DEE5}.Release|x86.Build.0 = Release|Any CPU
		{B16535AD-33A3-4757-91CE-C5733CC02EEF}.Debug|Any CPU.ActiveCfg = Debug|Any CPU
		{B16535AD-33A3-4757-91CE-C5733CC02EEF}.Debug|Any CPU.Build.0 = Debug|Any CPU
		{B16535AD-33A3-4757-91CE-C5733CC02EEF}.Debug|ARM64.ActiveCfg = Debug|Any CPU
		{B16535AD-33A3-4757-91CE-C5733CC02EEF}.Debug|ARM64.Build.0 = Debug|Any CPU
		{B16535AD-33A3-4757-91CE-C5733CC02EEF}.Debug|x64.ActiveCfg = Debug|Any CPU
		{B16535AD-33A3-4757-91CE-C5733CC02EEF}.Debug|x64.Build.0 = Debug|Any CPU
		{B16535AD-33A3-4757-91CE-C5733CC02EEF}.Debug|x86.ActiveCfg = Debug|Any CPU
		{B16535AD-33A3-4757-91CE-C5733CC02EEF}.Debug|x86.Build.0 = Debug|Any CPU
		{B16535AD-33A3-4757-91CE-C5733CC02EEF}.Release|Any CPU.ActiveCfg = Release|Any CPU
		{B16535AD-33A3-4757-91CE-C5733CC02EEF}.Release|Any CPU.Build.0 = Release|Any CPU
		{B16535AD-33A3-4757-91CE-C5733CC02EEF}.Release|ARM64.ActiveCfg = Release|Any CPU
		{B16535AD-33A3-4757-91CE-C5733CC02EEF}.Release|ARM64.Build.0 = Release|Any CPU
		{B16535AD-33A3-4757-91CE-C5733CC02EEF}.Release|x64.ActiveCfg = Release|Any CPU
		{B16535AD-33A3-4757-91CE-C5733CC02EEF}.Release|x64.Build.0 = Release|Any CPU
		{B16535AD-33A3-4757-91CE-C5733CC02EEF}.Release|x86.ActiveCfg = Release|Any CPU
		{B16535AD-33A3-4757-91CE-C5733CC02EEF}.Release|x86.Build.0 = Release|Any CPU
		{588471BF-7825-4829-90D2-D9E6458BEA2F}.Debug|Any CPU.ActiveCfg = Debug|Any CPU
		{588471BF-7825-4829-90D2-D9E6458BEA2F}.Debug|Any CPU.Build.0 = Debug|Any CPU
		{588471BF-7825-4829-90D2-D9E6458BEA2F}.Debug|ARM64.ActiveCfg = Debug|Any CPU
		{588471BF-7825-4829-90D2-D9E6458BEA2F}.Debug|ARM64.Build.0 = Debug|Any CPU
		{588471BF-7825-4829-90D2-D9E6458BEA2F}.Debug|x64.ActiveCfg = Debug|Any CPU
		{588471BF-7825-4829-90D2-D9E6458BEA2F}.Debug|x64.Build.0 = Debug|Any CPU
		{588471BF-7825-4829-90D2-D9E6458BEA2F}.Debug|x86.ActiveCfg = Debug|Any CPU
		{588471BF-7825-4829-90D2-D9E6458BEA2F}.Debug|x86.Build.0 = Debug|Any CPU
		{588471BF-7825-4829-90D2-D9E6458BEA2F}.Release|Any CPU.ActiveCfg = Release|Any CPU
		{588471BF-7825-4829-90D2-D9E6458BEA2F}.Release|Any CPU.Build.0 = Release|Any CPU
		{588471BF-7825-4829-90D2-D9E6458BEA2F}.Release|ARM64.ActiveCfg = Release|Any CPU
		{588471BF-7825-4829-90D2-D9E6458BEA2F}.Release|ARM64.Build.0 = Release|Any CPU
		{588471BF-7825-4829-90D2-D9E6458BEA2F}.Release|x64.ActiveCfg = Release|Any CPU
		{588471BF-7825-4829-90D2-D9E6458BEA2F}.Release|x64.Build.0 = Release|Any CPU
		{588471BF-7825-4829-90D2-D9E6458BEA2F}.Release|x86.ActiveCfg = Release|Any CPU
		{588471BF-7825-4829-90D2-D9E6458BEA2F}.Release|x86.Build.0 = Release|Any CPU
		{7AC523D8-6AF6-40E3-A132-FA2E558BB218}.Debug|Any CPU.ActiveCfg = Debug|Any CPU
		{7AC523D8-6AF6-40E3-A132-FA2E558BB218}.Debug|Any CPU.Build.0 = Debug|Any CPU
		{7AC523D8-6AF6-40E3-A132-FA2E558BB218}.Debug|ARM64.ActiveCfg = Debug|Any CPU
		{7AC523D8-6AF6-40E3-A132-FA2E558BB218}.Debug|ARM64.Build.0 = Debug|Any CPU
		{7AC523D8-6AF6-40E3-A132-FA2E558BB218}.Debug|x64.ActiveCfg = Debug|Any CPU
		{7AC523D8-6AF6-40E3-A132-FA2E558BB218}.Debug|x64.Build.0 = Debug|Any CPU
		{7AC523D8-6AF6-40E3-A132-FA2E558BB218}.Debug|x86.ActiveCfg = Debug|Any CPU
		{7AC523D8-6AF6-40E3-A132-FA2E558BB218}.Debug|x86.Build.0 = Debug|Any CPU
		{7AC523D8-6AF6-40E3-A132-FA2E558BB218}.Release|Any CPU.ActiveCfg = Release|Any CPU
		{7AC523D8-6AF6-40E3-A132-FA2E558BB218}.Release|Any CPU.Build.0 = Release|Any CPU
		{7AC523D8-6AF6-40E3-A132-FA2E558BB218}.Release|ARM64.ActiveCfg = Release|Any CPU
		{7AC523D8-6AF6-40E3-A132-FA2E558BB218}.Release|ARM64.Build.0 = Release|Any CPU
		{7AC523D8-6AF6-40E3-A132-FA2E558BB218}.Release|x64.ActiveCfg = Release|Any CPU
		{7AC523D8-6AF6-40E3-A132-FA2E558BB218}.Release|x64.Build.0 = Release|Any CPU
		{7AC523D8-6AF6-40E3-A132-FA2E558BB218}.Release|x86.ActiveCfg = Release|Any CPU
		{7AC523D8-6AF6-40E3-A132-FA2E558BB218}.Release|x86.Build.0 = Release|Any CPU
		{605F8B63-3707-49AD-AB9B-C2268A995798}.Debug|Any CPU.ActiveCfg = Debug|Any CPU
		{605F8B63-3707-49AD-AB9B-C2268A995798}.Debug|Any CPU.Build.0 = Debug|Any CPU
		{605F8B63-3707-49AD-AB9B-C2268A995798}.Debug|ARM64.ActiveCfg = Debug|Any CPU
		{605F8B63-3707-49AD-AB9B-C2268A995798}.Debug|ARM64.Build.0 = Debug|Any CPU
		{605F8B63-3707-49AD-AB9B-C2268A995798}.Debug|x64.ActiveCfg = Debug|Any CPU
		{605F8B63-3707-49AD-AB9B-C2268A995798}.Debug|x64.Build.0 = Debug|Any CPU
		{605F8B63-3707-49AD-AB9B-C2268A995798}.Debug|x86.ActiveCfg = Debug|Any CPU
		{605F8B63-3707-49AD-AB9B-C2268A995798}.Debug|x86.Build.0 = Debug|Any CPU
		{605F8B63-3707-49AD-AB9B-C2268A995798}.Release|Any CPU.ActiveCfg = Release|Any CPU
		{605F8B63-3707-49AD-AB9B-C2268A995798}.Release|Any CPU.Build.0 = Release|Any CPU
		{605F8B63-3707-49AD-AB9B-C2268A995798}.Release|ARM64.ActiveCfg = Release|Any CPU
		{605F8B63-3707-49AD-AB9B-C2268A995798}.Release|ARM64.Build.0 = Release|Any CPU
		{605F8B63-3707-49AD-AB9B-C2268A995798}.Release|x64.ActiveCfg = Release|Any CPU
		{605F8B63-3707-49AD-AB9B-C2268A995798}.Release|x64.Build.0 = Release|Any CPU
		{605F8B63-3707-49AD-AB9B-C2268A995798}.Release|x86.ActiveCfg = Release|Any CPU
		{605F8B63-3707-49AD-AB9B-C2268A995798}.Release|x86.Build.0 = Release|Any CPU
		{224657EA-434A-4851-B734-F98271754182}.Debug|Any CPU.ActiveCfg = Debug|Any CPU
		{224657EA-434A-4851-B734-F98271754182}.Debug|Any CPU.Build.0 = Debug|Any CPU
		{224657EA-434A-4851-B734-F98271754182}.Debug|ARM64.ActiveCfg = Debug|Any CPU
		{224657EA-434A-4851-B734-F98271754182}.Debug|ARM64.Build.0 = Debug|Any CPU
		{224657EA-434A-4851-B734-F98271754182}.Debug|x64.ActiveCfg = Debug|Any CPU
		{224657EA-434A-4851-B734-F98271754182}.Debug|x64.Build.0 = Debug|Any CPU
		{224657EA-434A-4851-B734-F98271754182}.Debug|x86.ActiveCfg = Debug|Any CPU
		{224657EA-434A-4851-B734-F98271754182}.Debug|x86.Build.0 = Debug|Any CPU
		{224657EA-434A-4851-B734-F98271754182}.Release|Any CPU.ActiveCfg = Release|Any CPU
		{224657EA-434A-4851-B734-F98271754182}.Release|Any CPU.Build.0 = Release|Any CPU
		{224657EA-434A-4851-B734-F98271754182}.Release|ARM64.ActiveCfg = Release|Any CPU
		{224657EA-434A-4851-B734-F98271754182}.Release|ARM64.Build.0 = Release|Any CPU
		{224657EA-434A-4851-B734-F98271754182}.Release|x64.ActiveCfg = Release|Any CPU
		{224657EA-434A-4851-B734-F98271754182}.Release|x64.Build.0 = Release|Any CPU
		{224657EA-434A-4851-B734-F98271754182}.Release|x86.ActiveCfg = Release|Any CPU
		{224657EA-434A-4851-B734-F98271754182}.Release|x86.Build.0 = Release|Any CPU
	EndGlobalSection
	GlobalSection(SolutionProperties) = preSolution
		HideSolutionNode = FALSE
	EndGlobalSection
	GlobalSection(NestedProjects) = preSolution
		{BF7AC9DC-3B82-4F14-8A25-D505835CF6F1} = {4AC8E5A6-0EC9-4B63-AA07-68235AFD65C9}
		{762A5035-80C6-4982-ABFE-846BAEB65DEE} = {4AC8E5A6-0EC9-4B63-AA07-68235AFD65C9}
		{020AEC6D-D0A8-4105-AF14-296296DCE19F} = {AC8BDA1D-C4AF-4CFF-889C-E5B4402134EB}
		{1CA7C1EB-564A-4F04-9898-0E7AEA70C471} = {AC8BDA1D-C4AF-4CFF-889C-E5B4402134EB}
		{134A7714-2B92-425E-A059-2AE7D874C906} = {710B4D1A-8602-48F0-A0A1-C38D577B13EE}
		{B9A4627D-E13B-4715-BB48-CE55B01C5D27} = {710B4D1A-8602-48F0-A0A1-C38D577B13EE}
		{D561F9D8-5A8B-4AF9-8E5E-A9DCCBC3CB15} = {AC8BDA1D-C4AF-4CFF-889C-E5B4402134EB}
		{34DFD5E5-6B97-40AD-96D6-EAF183806091} = {710B4D1A-8602-48F0-A0A1-C38D577B13EE}
		{623FEBCB-8089-4650-8F5C-9EE727B3DEE5} = {AC8BDA1D-C4AF-4CFF-889C-E5B4402134EB}
		{B16535AD-33A3-4757-91CE-C5733CC02EEF} = {710B4D1A-8602-48F0-A0A1-C38D577B13EE}
		{588471BF-7825-4829-90D2-D9E6458BEA2F} = {AC8BDA1D-C4AF-4CFF-889C-E5B4402134EB}
		{7AC523D8-6AF6-40E3-A132-FA2E558BB218} = {AC8BDA1D-C4AF-4CFF-889C-E5B4402134EB}
		{605F8B63-3707-49AD-AB9B-C2268A995798} = {AC8BDA1D-C4AF-4CFF-889C-E5B4402134EB}
		{224657EA-434A-4851-B734-F98271754182} = {AC8BDA1D-C4AF-4CFF-889C-E5B4402134EB}
	EndGlobalSection
	GlobalSection(ExtensibilityGlobals) = postSolution
		SolutionGuid = {7B4FF55B-FA86-4DAC-8681-BEDAD8FFA76F}
	EndGlobalSection
EndGlobal
